uuid: f53fe042-1680-4c05-83bc-a62633e40c55
langcode: en
status: true
dependencies: {  }
name: cta_block
label: 'CTA Block'
effects:
  7c659a5d-d4aa-486e-8b6a-f5408c9d6e21:
    uuid: 7c659a5d-d4aa-486e-8b6a-f5408c9d6e21
    id: image_scale_and_crop
    weight: null
    data:
      width: 500
      height: 350
      anchor: center-center
