uuid: 0db3e6a0-f82f-47e3-b746-d8ffc3a29eb7
langcode: en
status: true
dependencies: {  }
name: content_block
label: 'Content Block'
effects:
  ac40e928-3164-4dc4-9af9-3cae24e6f1a7:
    uuid: ac40e928-3164-4dc4-9af9-3cae24e6f1a7
    id: image_scale_and_crop
    weight: null
    data:
      width: 600
      height: 400
      anchor: center-center
